PODS:
  - Alamofire (3.4.0)
  - AlamofireImage (2.4.0):
    - Alamofire (~> 3.3)
  - XCDYouTubeKit (2.5.2)

DEPENDENCIES:
  - Alamofire
  - AlamofireImage
  - XCDYouTubeKit (~> 2.5)

SPEC CHECKSUMS:
  Alamofire: c19a627cefd6a95f840401c49ab1f124e07f54ee
  AlamofireImage: 87408b652e0f5ae5fe364035f15aea8b9b24c77e
  XCDYouTubeKit: bb81db52d5539f8f34c4081f344980ef38f4644d

COCOAPODS: 0.39.0
